
Microsoft Visual Studio Solution File, Format Version 12.00
# Visual Studio 15
VisualStudioVersion = 15.0.26621.2
MinimumVisualStudioVersion = 10.0.40219.1
Project("{2150E333-8FDC-42A3-9474-1A3956D46DE8}") = "src", "src", "{AFCEE92F-BAB5-4205-A065-9F97BC07DBF4}"
EndProject
Project("{2150E333-8FDC-42A3-9474-1A3956D46DE8}") = "Solution Items", "Solution Items", "{A3B719C0-43D0-4F4D-BAE4-612C99F59BF3}"
	ProjectSection(SolutionItems) = preProject
		global.json = global.json
	EndProjectSection
EndProject
Project("{2150E333-8FDC-42A3-9474-1A3956D46DE8}") = "Libraries", "Libraries", "{4A8E9CBC-7675-4306-8072-95BCDDA20A20}"
EndProject
Project("{9A19103F-16F7-4668-BE54-9A1E7A4F7556}") = "Calendar.Builder", "src\Libraries\Calendar.Builder\Calendar.Builder.csproj", "{282D5EF9-DDC6-4CD5-A744-F4FAF8E84E93}"
EndProject
Project("{9A19103F-16F7-4668-BE54-9A1E7A4F7556}") = "Calendar.Caching", "src\Libraries\Calendar.Caching\Calendar.Caching.csproj", "{2D4E0750-F6F7-4FB1-AD9E-8FABB51BE1C9}"
EndProject
Project("{9A19103F-16F7-4668-BE54-9A1E7A4F7556}") = "Calendar.Common", "src\Libraries\Calendar.Common\Calendar.Common.csproj", "{07DDEC85-6FB7-48A9-B8D7-DA4535E27B07}"
EndProject
Project("{9A19103F-16F7-4668-BE54-9A1E7A4F7556}") = "Calendar.CQRS", "src\Libraries\Calendar.CQRS\Calendar.CQRS.csproj", "{5FAFEC2A-D0C7-4BA0-B58B-05F8DDB0FF21}"
EndProject
Project("{9A19103F-16F7-4668-BE54-9A1E7A4F7556}") = "Calendar.CQRS.Dapper", "src\Libraries\Calendar.CQRS.Dapper\Calendar.CQRS.Dapper.csproj", "{416791EE-E0EC-4683-ABA8-702F1C32E83B}"
EndProject
Project("{9A19103F-16F7-4668-BE54-9A1E7A4F7556}") = "Calendar.Identity.MySQL", "src\Libraries\Calendar.Identity.MySQL\Calendar.Identity.MySQL.csproj", "{CAF5B191-6023-49A8-8214-B8894E60167F}"
EndProject
Project("{9A19103F-16F7-4668-BE54-9A1E7A4F7556}") = "Calendar.Data.Implementation", "src\Calendar.Data.Implementation\Calendar.Data.Implementation.csproj", "{0DDAB3E2-1D4A-4D16-A423-22E8B82F2FB4}"
EndProject
Project("{9A19103F-16F7-4668-BE54-9A1E7A4F7556}") = "Calendar.Db", "src\Calendar.Db\Calendar.Db.csproj", "{F04D33EB-9FBA-4CE7-B6AF-BA907B21CC06}"
EndProject
Project("{9A19103F-16F7-4668-BE54-9A1E7A4F7556}") = "Calendar.Domain", "src\Calendar.Domain\Calendar.Domain.csproj", "{652278E4-17DD-47C7-8581-F05451F5F98C}"
EndProject
Project("{9A19103F-16F7-4668-BE54-9A1E7A4F7556}") = "Calendar.Web", "src\Calendar.Web\Calendar.Web.csproj", "{D5A050D2-E1D4-420C-A79D-E2F082DCA719}"
EndProject
Global
	GlobalSection(SolutionConfigurationPlatforms) = preSolution
		Debug|Any CPU = Debug|Any CPU
		Debug|x64 = Debug|x64
		Debug|x86 = Debug|x86
		Release|Any CPU = Release|Any CPU
		Release|x64 = Release|x64
		Release|x86 = Release|x86
	EndGlobalSection
	GlobalSection(ProjectConfigurationPlatforms) = postSolution
		{282D5EF9-DDC6-4CD5-A744-F4FAF8E84E93}.Debug|Any CPU.ActiveCfg = Debug|Any CPU
		{282D5EF9-DDC6-4CD5-A744-F4FAF8E84E93}.Debug|Any CPU.Build.0 = Debug|Any CPU
		{282D5EF9-DDC6-4CD5-A744-F4FAF8E84E93}.Debug|x64.ActiveCfg = Debug|Any CPU
		{282D5EF9-DDC6-4CD5-A744-F4FAF8E84E93}.Debug|x64.Build.0 = Debug|Any CPU
		{282D5EF9-DDC6-4CD5-A744-F4FAF8E84E93}.Debug|x86.ActiveCfg = Debug|Any CPU
		{282D5EF9-DDC6-4CD5-A744-F4FAF8E84E93}.Debug|x86.Build.0 = Debug|Any CPU
		{282D5EF9-DDC6-4CD5-A744-F4FAF8E84E93}.Release|Any CPU.ActiveCfg = Release|Any CPU
		{282D5EF9-DDC6-4CD5-A744-F4FAF8E84E93}.Release|Any CPU.Build.0 = Release|Any CPU
		{282D5EF9-DDC6-4CD5-A744-F4FAF8E84E93}.Release|x64.ActiveCfg = Release|Any CPU
		{282D5EF9-DDC6-4CD5-A744-F4FAF8E84E93}.Release|x64.Build.0 = Release|Any CPU
		{282D5EF9-DDC6-4CD5-A744-F4FAF8E84E93}.Release|x86.ActiveCfg = Release|Any CPU
		{282D5EF9-DDC6-4CD5-A744-F4FAF8E84E93}.Release|x86.Build.0 = Release|Any CPU
		{2D4E0750-F6F7-4FB1-AD9E-8FABB51BE1C9}.Debug|Any CPU.ActiveCfg = Debug|Any CPU
		{2D4E0750-F6F7-4FB1-AD9E-8FABB51BE1C9}.Debug|Any CPU.Build.0 = Debug|Any CPU
		{2D4E0750-F6F7-4FB1-AD9E-8FABB51BE1C9}.Debug|x64.ActiveCfg = Debug|Any CPU
		{2D4E0750-F6F7-4FB1-AD9E-8FABB51BE1C9}.Debug|x64.Build.0 = Debug|Any CPU
		{2D4E0750-F6F7-4FB1-AD9E-8FABB51BE1C9}.Debug|x86.ActiveCfg = Debug|Any CPU
		{2D4E0750-F6F7-4FB1-AD9E-8FABB51BE1C9}.Debug|x86.Build.0 = Debug|Any CPU
		{2D4E0750-F6F7-4FB1-AD9E-8FABB51BE1C9}.Release|Any CPU.ActiveCfg = Release|Any CPU
		{2D4E0750-F6F7-4FB1-AD9E-8FABB51BE1C9}.Release|Any CPU.Build.0 = Release|Any CPU
		{2D4E0750-F6F7-4FB1-AD9E-8FABB51BE1C9}.Release|x64.ActiveCfg = Release|Any CPU
		{2D4E0750-F6F7-4FB1-AD9E-8FABB51BE1C9}.Release|x64.Build.0 = Release|Any CPU
		{2D4E0750-F6F7-4FB1-AD9E-8FABB51BE1C9}.Release|x86.ActiveCfg = Release|Any CPU
		{2D4E0750-F6F7-4FB1-AD9E-8FABB51BE1C9}.Release|x86.Build.0 = Release|Any CPU
		{07DDEC85-6FB7-48A9-B8D7-DA4535E27B07}.Debug|Any CPU.ActiveCfg = Debug|Any CPU
		{07DDEC85-6FB7-48A9-B8D7-DA4535E27B07}.Debug|Any CPU.Build.0 = Debug|Any CPU
		{07DDEC85-6FB7-48A9-B8D7-DA4535E27B07}.Debug|x64.ActiveCfg = Debug|Any CPU
		{07DDEC85-6FB7-48A9-B8D7-DA4535E27B07}.Debug|x64.Build.0 = Debug|Any CPU
		{07DDEC85-6FB7-48A9-B8D7-DA4535E27B07}.Debug|x86.ActiveCfg = Debug|Any CPU
		{07DDEC85-6FB7-48A9-B8D7-DA4535E27B07}.Debug|x86.Build.0 = Debug|Any CPU
		{07DDEC85-6FB7-48A9-B8D7-DA4535E27B07}.Release|Any CPU.ActiveCfg = Release|Any CPU
		{07DDEC85-6FB7-48A9-B8D7-DA4535E27B07}.Release|Any CPU.Build.0 = Release|Any CPU
		{07DDEC85-6FB7-48A9-B8D7-DA4535E27B07}.Release|x64.ActiveCfg = Release|Any CPU
		{07DDEC85-6FB7-48A9-B8D7-DA4535E27B07}.Release|x64.Build.0 = Release|Any CPU
		{07DDEC85-6FB7-48A9-B8D7-DA4535E27B07}.Release|x86.ActiveCfg = Release|Any CPU
		{07DDEC85-6FB7-48A9-B8D7-DA4535E27B07}.Release|x86.Build.0 = Release|Any CPU
		{5FAFEC2A-D0C7-4BA0-B58B-05F8DDB0FF21}.Debug|Any CPU.ActiveCfg = Debug|Any CPU
		{5FAFEC2A-D0C7-4BA0-B58B-05F8DDB0FF21}.Debug|Any CPU.Build.0 = Debug|Any CPU
		{5FAFEC2A-D0C7-4BA0-B58B-05F8DDB0FF21}.Debug|x64.ActiveCfg = Debug|Any CPU
		{5FAFEC2A-D0C7-4BA0-B58B-05F8DDB0FF21}.Debug|x64.Build.0 = Debug|Any CPU
		{5FAFEC2A-D0C7-4BA0-B58B-05F8DDB0FF21}.Debug|x86.ActiveCfg = Debug|Any CPU
		{5FAFEC2A-D0C7-4BA0-B58B-05F8DDB0FF21}.Debug|x86.Build.0 = Debug|Any CPU
		{5FAFEC2A-D0C7-4BA0-B58B-05F8DDB0FF21}.Release|Any CPU.ActiveCfg = Release|Any CPU
		{5FAFEC2A-D0C7-4BA0-B58B-05F8DDB0FF21}.Release|Any CPU.Build.0 = Release|Any CPU
		{5FAFEC2A-D0C7-4BA0-B58B-05F8DDB0FF21}.Release|x64.ActiveCfg = Release|Any CPU
		{5FAFEC2A-D0C7-4BA0-B58B-05F8DDB0FF21}.Release|x64.Build.0 = Release|Any CPU
		{5FAFEC2A-D0C7-4BA0-B58B-05F8DDB0FF21}.Release|x86.ActiveCfg = Release|Any CPU
		{5FAFEC2A-D0C7-4BA0-B58B-05F8DDB0FF21}.Release|x86.Build.0 = Release|Any CPU
		{416791EE-E0EC-4683-ABA8-702F1C32E83B}.Debug|Any CPU.ActiveCfg = Debug|Any CPU
		{416791EE-E0EC-4683-ABA8-702F1C32E83B}.Debug|Any CPU.Build.0 = Debug|Any CPU
		{416791EE-E0EC-4683-ABA8-702F1C32E83B}.Debug|x64.ActiveCfg = Debug|Any CPU
		{416791EE-E0EC-4683-ABA8-702F1C32E83B}.Debug|x64.Build.0 = Debug|Any CPU
		{416791EE-E0EC-4683-ABA8-702F1C32E83B}.Debug|x86.ActiveCfg = Debug|Any CPU
		{416791EE-E0EC-4683-ABA8-702F1C32E83B}.Debug|x86.Build.0 = Debug|Any CPU
		{416791EE-E0EC-4683-ABA8-702F1C32E83B}.Release|Any CPU.ActiveCfg = Release|Any CPU
		{416791EE-E0EC-4683-ABA8-702F1C32E83B}.Release|Any CPU.Build.0 = Release|Any CPU
		{416791EE-E0EC-4683-ABA8-702F1C32E83B}.Release|x64.ActiveCfg = Release|Any CPU
		{416791EE-E0EC-4683-ABA8-702F1C32E83B}.Release|x64.Build.0 = Release|Any CPU
		{416791EE-E0EC-4683-ABA8-702F1C32E83B}.Release|x86.ActiveCfg = Release|Any CPU
		{416791EE-E0EC-4683-ABA8-702F1C32E83B}.Release|x86.Build.0 = Release|Any CPU
		{CAF5B191-6023-49A8-8214-B8894E60167F}.Debug|Any CPU.ActiveCfg = Debug|Any CPU
		{CAF5B191-6023-49A8-8214-B8894E60167F}.Debug|Any CPU.Build.0 = Debug|Any CPU
		{CAF5B191-6023-49A8-8214-B8894E60167F}.Debug|x64.ActiveCfg = Debug|Any CPU
		{CAF5B191-6023-49A8-8214-B8894E60167F}.Debug|x64.Build.0 = Debug|Any CPU
		{CAF5B191-6023-49A8-8214-B8894E60167F}.Debug|x86.ActiveCfg = Debug|Any CPU
		{CAF5B191-6023-49A8-8214-B8894E60167F}.Debug|x86.Build.0 = Debug|Any CPU
		{CAF5B191-6023-49A8-8214-B8894E60167F}.Release|Any CPU.ActiveCfg = Release|Any CPU
		{CAF5B191-6023-49A8-8214-B8894E60167F}.Release|Any CPU.Build.0 = Release|Any CPU
		{CAF5B191-6023-49A8-8214-B8894E60167F}.Release|x64.ActiveCfg = Release|Any CPU
		{CAF5B191-6023-49A8-8214-B8894E60167F}.Release|x64.Build.0 = Release|Any CPU
		{CAF5B191-6023-49A8-8214-B8894E60167F}.Release|x86.ActiveCfg = Release|Any CPU
		{CAF5B191-6023-49A8-8214-B8894E60167F}.Release|x86.Build.0 = Release|Any CPU
		{0DDAB3E2-1D4A-4D16-A423-22E8B82F2FB4}.Debug|Any CPU.ActiveCfg = Debug|Any CPU
		{0DDAB3E2-1D4A-4D16-A423-22E8B82F2FB4}.Debug|Any CPU.Build.0 = Debug|Any CPU
		{0DDAB3E2-1D4A-4D16-A423-22E8B82F2FB4}.Debug|x64.ActiveCfg = Debug|Any CPU
		{0DDAB3E2-1D4A-4D16-A423-22E8B82F2FB4}.Debug|x64.Build.0 = Debug|Any CPU
		{0DDAB3E2-1D4A-4D16-A423-22E8B82F2FB4}.Debug|x86.ActiveCfg = Debug|Any CPU
		{0DDAB3E2-1D4A-4D16-A423-22E8B82F2FB4}.Debug|x86.Build.0 = Debug|Any CPU
		{0DDAB3E2-1D4A-4D16-A423-22E8B82F2FB4}.Release|Any CPU.ActiveCfg = Release|Any CPU
		{0DDAB3E2-1D4A-4D16-A423-22E8B82F2FB4}.Release|Any CPU.Build.0 = Release|Any CPU
		{0DDAB3E2-1D4A-4D16-A423-22E8B82F2FB4}.Release|x64.ActiveCfg = Release|Any CPU
		{0DDAB3E2-1D4A-4D16-A423-22E8B82F2FB4}.Release|x64.Build.0 = Release|Any CPU
		{0DDAB3E2-1D4A-4D16-A423-22E8B82F2FB4}.Release|x86.ActiveCfg = Release|Any CPU
		{0DDAB3E2-1D4A-4D16-A423-22E8B82F2FB4}.Release|x86.Build.0 = Release|Any CPU
		{F04D33EB-9FBA-4CE7-B6AF-BA907B21CC06}.Debug|Any CPU.ActiveCfg = Debug|Any CPU
		{F04D33EB-9FBA-4CE7-B6AF-BA907B21CC06}.Debug|Any CPU.Build.0 = Debug|Any CPU
		{F04D33EB-9FBA-4CE7-B6AF-BA907B21CC06}.Debug|x64.ActiveCfg = Debug|Any CPU
		{F04D33EB-9FBA-4CE7-B6AF-BA907B21CC06}.Debug|x64.Build.0 = Debug|Any CPU
		{F04D33EB-9FBA-4CE7-B6AF-BA907B21CC06}.Debug|x86.ActiveCfg = Debug|Any CPU
		{F04D33EB-9FBA-4CE7-B6AF-BA907B21CC06}.Debug|x86.Build.0 = Debug|Any CPU
		{F04D33EB-9FBA-4CE7-B6AF-BA907B21CC06}.Release|Any CPU.ActiveCfg = Release|Any CPU
		{F04D33EB-9FBA-4CE7-B6AF-BA907B21CC06}.Release|Any CPU.Build.0 = Release|Any CPU
		{F04D33EB-9FBA-4CE7-B6AF-BA907B21CC06}.Release|x64.ActiveCfg = Release|Any CPU
		{F04D33EB-9FBA-4CE7-B6AF-BA907B21CC06}.Release|x64.Build.0 = Release|Any CPU
		{F04D33EB-9FBA-4CE7-B6AF-BA907B21CC06}.Release|x86.ActiveCfg = Release|Any CPU
		{F04D33EB-9FBA-4CE7-B6AF-BA907B21CC06}.Release|x86.Build.0 = Release|Any CPU
		{652278E4-17DD-47C7-8581-F05451F5F98C}.Debug|Any CPU.ActiveCfg = Debug|Any CPU
		{652278E4-17DD-47C7-8581-F05451F5F98C}.Debug|Any CPU.Build.0 = Debug|Any CPU
		{652278E4-17DD-47C7-8581-F05451F5F98C}.Debug|x64.ActiveCfg = Debug|Any CPU
		{652278E4-17DD-47C7-8581-F05451F5F98C}.Debug|x64.Build.0 = Debug|Any CPU
		{652278E4-17DD-47C7-8581-F05451F5F98C}.Debug|x86.ActiveCfg = Debug|Any CPU
		{652278E4-17DD-47C7-8581-F05451F5F98C}.Debug|x86.Build.0 = Debug|Any CPU
		{652278E4-17DD-47C7-8581-F05451F5F98C}.Release|Any CPU.ActiveCfg = Release|Any CPU
		{652278E4-17DD-47C7-8581-F05451F5F98C}.Release|Any CPU.Build.0 = Release|Any CPU
		{652278E4-17DD-47C7-8581-F05451F5F98C}.Release|x64.ActiveCfg = Release|Any CPU
		{652278E4-17DD-47C7-8581-F05451F5F98C}.Release|x64.Build.0 = Release|Any CPU
		{652278E4-17DD-47C7-8581-F05451F5F98C}.Release|x86.ActiveCfg = Release|Any CPU
		{652278E4-17DD-47C7-8581-F05451F5F98C}.Release|x86.Build.0 = Release|Any CPU
		{D5A050D2-E1D4-420C-A79D-E2F082DCA719}.Debug|Any CPU.ActiveCfg = Debug|Any CPU
		{D5A050D2-E1D4-420C-A79D-E2F082DCA719}.Debug|Any CPU.Build.0 = Debug|Any CPU
		{D5A050D2-E1D4-420C-A79D-E2F082DCA719}.Debug|x64.ActiveCfg = Debug|Any CPU
		{D5A050D2-E1D4-420C-A79D-E2F082DCA719}.Debug|x64.Build.0 = Debug|Any CPU
		{D5A050D2-E1D4-420C-A79D-E2F082DCA719}.Debug|x86.ActiveCfg = Debug|Any CPU
		{D5A050D2-E1D4-420C-A79D-E2F082DCA719}.Debug|x86.Build.0 = Debug|Any CPU
		{D5A050D2-E1D4-420C-A79D-E2F082DCA719}.Release|Any CPU.ActiveCfg = Release|Any CPU
		{D5A050D2-E1D4-420C-A79D-E2F082DCA719}.Release|Any CPU.Build.0 = Release|Any CPU
		{D5A050D2-E1D4-420C-A79D-E2F082DCA719}.Release|x64.ActiveCfg = Release|Any CPU
		{D5A050D2-E1D4-420C-A79D-E2F082DCA719}.Release|x64.Build.0 = Release|Any CPU
		{D5A050D2-E1D4-420C-A79D-E2F082DCA719}.Release|x86.ActiveCfg = Release|Any CPU
		{D5A050D2-E1D4-420C-A79D-E2F082DCA719}.Release|x86.Build.0 = Release|Any CPU
	EndGlobalSection
	GlobalSection(SolutionProperties) = preSolution
		HideSolutionNode = FALSE
	EndGlobalSection
	GlobalSection(NestedProjects) = preSolution
		{4A8E9CBC-7675-4306-8072-95BCDDA20A20} = {AFCEE92F-BAB5-4205-A065-9F97BC07DBF4}
		{282D5EF9-DDC6-4CD5-A744-F4FAF8E84E93} = {4A8E9CBC-7675-4306-8072-95BCDDA20A20}
		{2D4E0750-F6F7-4FB1-AD9E-8FABB51BE1C9} = {4A8E9CBC-7675-4306-8072-95BCDDA20A20}
		{07DDEC85-6FB7-48A9-B8D7-DA4535E27B07} = {4A8E9CBC-7675-4306-8072-95BCDDA20A20}
		{5FAFEC2A-D0C7-4BA0-B58B-05F8DDB0FF21} = {4A8E9CBC-7675-4306-8072-95BCDDA20A20}
		{416791EE-E0EC-4683-ABA8-702F1C32E83B} = {4A8E9CBC-7675-4306-8072-95BCDDA20A20}
		{CAF5B191-6023-49A8-8214-B8894E60167F} = {4A8E9CBC-7675-4306-8072-95BCDDA20A20}
		{0DDAB3E2-1D4A-4D16-A423-22E8B82F2FB4} = {AFCEE92F-BAB5-4205-A065-9F97BC07DBF4}
		{F04D33EB-9FBA-4CE7-B6AF-BA907B21CC06} = {AFCEE92F-BAB5-4205-A065-9F97BC07DBF4}
		{652278E4-17DD-47C7-8581-F05451F5F98C} = {AFCEE92F-BAB5-4205-A065-9F97BC07DBF4}
		{D5A050D2-E1D4-420C-A79D-E2F082DCA719} = {AFCEE92F-BAB5-4205-A065-9F97BC07DBF4}
	EndGlobalSection
	GlobalSection(ExtensibilityGlobals) = postSolution
		SolutionGuid = {9F1A84ED-2460-402D-BF47-70DF43EF6128}
	EndGlobalSection
EndGlobal
